
Microsoft Visual Studio Solution File, Format Version 12.00
# Visual Studio Version 17
VisualStudioVersion = 17.6.33723.286
MinimumVisualStudioVersion = 10.0.40219.1
Project("{FAE04EC0-301F-11D3-BF4B-00C04F79EFBC}") = "RNPCalculatorWepAPI", "RNPCalculatorWepAPI\RNPCalculatorWepAPI.csproj", "{42A0FC7E-5455-4677-8032-213F9D72F947}"
EndProject
Global
	GlobalSection(SolutionConfigurationPlatforms) = preSolution
		Debug|Any CPU = Debug|Any CPU
		Release|Any CPU = Release|Any CPU
	EndGlobalSection
	GlobalSection(ProjectConfigurationPlatforms) = postSolution
		{42A0FC7E-5455-4677-8032-213F9D72F947}.Debug|Any CPU.ActiveCfg = Debug|Any CPU
		{42A0FC7E-5455-4677-8032-213F9D72F947}.Debug|Any CPU.Build.0 = Debug|Any CPU
		{42A0FC7E-5455-4677-8032-213F9D72F947}.Release|Any CPU.ActiveCfg = Release|Any CPU
		{42A0FC7E-5455-4677-8032-213F9D72F947}.Release|Any CPU.Build.0 = Release|Any CPU
	EndGlobalSection
	GlobalSection(SolutionProperties) = preSolution
		HideSolutionNode = FALSE
	EndGlobalSection
	GlobalSection(ExtensibilityGlobals) = postSolution
		SolutionGuid = {B437C74A-C772-4E47-B333-56DAD6C257D9}
	EndGlobalSection
EndGlobal
